{
  "name": "@corpuswire/mcp",
  "version": "0.1.2",
  "lockfileVersion": 3,
  "requires": true,
  "packages": {
    "": {
      "name": "@corpuswire/mcp",
      "version": "0.1.2",
      "bin": {
        "corpuswire-mcp": "bin/corpuswire-mcp.js"
      },
      "engines": {
        "node": ">=18"
      }
    }
  }
}
