{
  "name": "@corpuswire/cli",
  "version": "0.1.2",
  "lockfileVersion": 3,
  "requires": true,
  "packages": {
    "": {
      "name": "@corpuswire/cli",
      "version": "0.1.2",
      "license": "MIT",
      "dependencies": {
        "@corpuswire/sdk": "0.1.2"
      },
      "bin": {
        "corpuswire": "bin/corpuswire.js"
      },
      "engines": {
        "node": ">=18"
      }
    }
  }
}
